
Microsoft Visual Studio Solution File, Format Version 12.00
# Visual Studio Version 16
VisualStudioVersion = 16.0.30711.63
MinimumVisualStudioVersion = 10.0.40219.1
Project("{FAE04EC0-301F-11D3-BF4B-00C04F79EFBC}") = "Skeduler", "Skeduler\Skeduler.csproj", "{70113971-880E-47C8-ABDF-093BF1576217}"
EndProject
Project("{FAE04EC0-301F-11D3-BF4B-00C04F79EFBC}") = "SkedulerExibition", "SkedulerExibition\SkedulerExibition.csproj", "{F827AC3D-F749-4F03-9DD0-FE9E8232569A}"
EndProject
Project("{FAE04EC0-301F-11D3-BF4B-00C04F79EFBC}") = "SkedulerTest", "SkedulerTest\SkedulerTest.csproj", "{2E194C8E-4AF6-43C7-B85B-0CEF49810049}"
EndProject
Global
	GlobalSection(SolutionConfigurationPlatforms) = preSolution
		Debug|Any CPU = Debug|Any CPU
		Release|Any CPU = Release|Any CPU
	EndGlobalSection
	GlobalSection(ProjectConfigurationPlatforms) = postSolution
		{70113971-880E-47C8-ABDF-093BF1576217}.Debug|Any CPU.ActiveCfg = Debug|Any CPU
		{70113971-880E-47C8-ABDF-093BF1576217}.Debug|Any CPU.Build.0 = Debug|Any CPU
		{70113971-880E-47C8-ABDF-093BF1576217}.Release|Any CPU.ActiveCfg = Release|Any CPU
		{70113971-880E-47C8-ABDF-093BF1576217}.Release|Any CPU.Build.0 = Release|Any CPU
		{F827AC3D-F749-4F03-9DD0-FE9E8232569A}.Debug|Any CPU.ActiveCfg = Debug|Any CPU
		{F827AC3D-F749-4F03-9DD0-FE9E8232569A}.Debug|Any CPU.Build.0 = Debug|Any CPU
		{F827AC3D-F749-4F03-9DD0-FE9E8232569A}.Release|Any CPU.ActiveCfg = Release|Any CPU
		{F827AC3D-F749-4F03-9DD0-FE9E8232569A}.Release|Any CPU.Build.0 = Release|Any CPU
		{2E194C8E-4AF6-43C7-B85B-0CEF49810049}.Debug|Any CPU.ActiveCfg = Debug|Any CPU
		{2E194C8E-4AF6-43C7-B85B-0CEF49810049}.Debug|Any CPU.Build.0 = Debug|Any CPU
		{2E194C8E-4AF6-43C7-B85B-0CEF49810049}.Release|Any CPU.ActiveCfg = Release|Any CPU
		{2E194C8E-4AF6-43C7-B85B-0CEF49810049}.Release|Any CPU.Build.0 = Release|Any CPU
	EndGlobalSection
	GlobalSection(SolutionProperties) = preSolution
		HideSolutionNode = FALSE
	EndGlobalSection
	GlobalSection(ExtensibilityGlobals) = postSolution
		SolutionGuid = {927C740C-0B28-43FE-8A70-554037801B1A}
	EndGlobalSection
EndGlobal
